{
  "name": "PreventDoubleSubmission",
  "version": "0.0.1",
  "lockfileVersion": 1,
  "requires": true,
  "dependencies": {
    "@angular/common": {
      "version": "7.0.1",
      "resolved": "https://registry.npmjs.org/@angular/common/-/common-7.0.1.tgz",
      "integrity": "sha512-QnGwwM6+OLuzu0VZvzQMPENJQgOMmcjZC1vxWu5y62fPI3BsTDYaePOAEN6mfY8R09J90FmF2IXXC5DN/el0Ug==",
      "dev": true,
      "requires": {
        "tslib": "^1.9.0"
      }
    },
    "@angular/compiler": {
      "version": "7.0.1",
      "resolved": "https://registry.npmjs.org/@angular/compiler/-/compiler-7.0.1.tgz",
      "integrity": "sha512-X/q51ZAFd0GBJyuZTOKpieyePhlNBAfYCPRi57S2BpxG6i9QjjeM+sPwzjsMmU1P6Qyt/pPpVG738mLocPvdpA==",
      "dev": true,
      "requires": {
        "tslib": "^1.9.0"
      }
    },
    "@angular/core": {
      "version": "7.0.1",
      "resolved": "https://registry.npmjs.org/@angular/core/-/core-7.0.1.tgz",
      "integrity": "sha512-u/3Xx+tIddVC1wANjK1F102uG8fQrNd4Y9nlz3vtKcnFX66b2SQlnjWd18L8FmzYtzaI44RxSWWTPQB0eTx1xw==",
      "dev": true,
      "requires": {
        "tslib": "^1.9.0"
      }
    },
    "rxjs": {
      "version": "6.3.3",
      "resolved": "https://registry.npmjs.org/rxjs/-/rxjs-6.3.3.tgz",
      "integrity": "sha512-JTWmoY9tWCs7zvIk/CvRjhjGaOd+OVBM987mxFo+OW66cGpdKjZcpmc74ES1sB//7Kl/PAe8+wEakuhG4pcgOw==",
      "dev": true,
      "requires": {
        "tslib": "^1.9.0"
      }
    },
    "tslib": {
      "version": "1.9.3",
      "resolved": "https://registry.npmjs.org/tslib/-/tslib-1.9.3.tgz",
      "integrity": "sha512-4krF8scpejhaOgqzBEcGM7yDIEfi0/8+8zDRZhNZZ2kjmHJ4hv3zCbQWxoJGz1iw5U0Jl0nma13xzHXcncMavQ==",
      "dev": true
    },
    "typescript": {
      "version": "3.1.3",
      "resolved": "https://registry.npmjs.org/typescript/-/typescript-3.1.3.tgz",
      "integrity": "sha512-+81MUSyX+BaSo+u2RbozuQk/UWx6hfG0a5gHu4ANEM4sU96XbuIyAB+rWBW1u70c6a5QuZfuYICn3s2UjuHUpA==",
      "dev": true
    },
    "zone.js": {
      "version": "0.8.26",
      "resolved": "https://registry.npmjs.org/zone.js/-/zone.js-0.8.26.tgz",
      "integrity": "sha512-W9Nj+UmBJG251wkCacIkETgra4QgBo/vgoEkb4a2uoLzpQG7qF9nzwoLXWU5xj3Fg2mxGvEDh47mg24vXccYjA==",
      "dev": true
    }
  }
}
